
Microsoft Visual Studio Solution File, Format Version 12.00
# Visual Studio Version 16
VisualStudioVersion = 25.0.1703.0
MinimumVisualStudioVersion = 10.0.40219.1
Project("{FAE04EC0-301F-11D3-BF4B-00C04F79EFBC}") = "Calculator", "Calculator.csproj", "{D147BBD8-DF74-4C27-AD99-2C51CADB7AA6}"
EndProject
Global
	GlobalSection(SolutionConfigurationPlatforms) = preSolution
		Debug|Any CPU = Debug|Any CPU
		Release|Any CPU = Release|Any CPU
	EndGlobalSection
	GlobalSection(ProjectConfigurationPlatforms) = postSolution
		{D147BBD8-DF74-4C27-AD99-2C51CADB7AA6}.Debug|Any CPU.ActiveCfg = Debug|Any CPU
		{D147BBD8-DF74-4C27-AD99-2C51CADB7AA6}.Debug|Any CPU.Build.0 = Debug|Any CPU
		{D147BBD8-DF74-4C27-AD99-2C51CADB7AA6}.Release|Any CPU.ActiveCfg = Release|Any CPU
		{D147BBD8-DF74-4C27-AD99-2C51CADB7AA6}.Release|Any CPU.Build.0 = Release|Any CPU
	EndGlobalSection
	GlobalSection(SolutionProperties) = preSolution
		HideSolutionNode = FALSE
	EndGlobalSection
	GlobalSection(ExtensibilityGlobals) = postSolution
		SolutionGuid = {69FFD312-6996-4575-82D9-F02F9370F2C0}
	EndGlobalSection
EndGlobal
